[[package]]
name = "inputimeout"
version = "1.0.4"
description = "Multi platform standard input with timeout"
category = "main"
optional = false
python-versions = ">=3.4"

[[package]]
name = "termcolor"
version = "2.0.1"
description = "ANSI color formatting for output in terminal"
category = "main"
optional = false
python-versions = ">=3.7"

[package.extras]
tests = ["pytest-cov", "pytest"]

[metadata]
lock-version = "1.1"
python-versions = "^3.8"
content-hash = "0feb14419ae1f0cd18c93a96d0b81b2b35027dec004b2bc0103fc28694290bc0"

[metadata.files]
inputimeout = []
termcolor = []
